{
  "name": "Tech-Insight-Project",
  "lockfileVersion": 3,
  "requires": true,
  "packages": {
    "": {
      "dependencies": {
        "express-error-toolkit": "^1.1.2",
        "http-status-toolkit": "^2.0.0"
      }
    },
    "node_modules/express-error-toolkit": {
      "version": "1.1.2",
      "resolved": "https://registry.npmjs.org/express-error-toolkit/-/express-error-toolkit-1.1.2.tgz",
      "integrity": "sha512-jwGphTEcUZ3PEl3RtrSgBTyqYvv6hmvdyilLhGb7cAaufT6re8KLn8plA/ahgS7WBDNkpaqJsceE2bDpKtyvWw==",
      "license": "MIT",
      "dependencies": {
        "http-status-toolkit": "^1.0.3"
      },
      "engines": {
        "node": ">=14"
      }
    },
    "node_modules/express-error-toolkit/node_modules/http-status-toolkit": {
      "version": "1.0.3",
      "resolved": "https://registry.npmjs.org/http-status-toolkit/-/http-status-toolkit-1.0.3.tgz",
      "integrity": "sha512-tbsMokTrjbsebQl/enDJjqWqXNDM4JB+ABqF3J43HOG5LrMhqSd8blHv4y0RxdsGtLX02tQd/CInBKBuoaAp4w==",
      "license": "MIT"
    },
    "node_modules/http-status-toolkit": {
      "version": "2.0.0",
      "resolved": "https://registry.npmjs.org/http-status-toolkit/-/http-status-toolkit-2.0.0.tgz",
      "integrity": "sha512-2uA7ZIcNoYyHcE04RpBLn6zZlRlcm7gAiCnPeMuxWwdsSut/sLsv/T4t0qjSB0U3dxdVyfzijtZyZPmiqx+V1g==",
      "license": "MIT"
    }
  }
}
