{
  "name": "Tech-Insight-Project",
  "lockfileVersion": 3,
  "requires": true,
  "packages": {
    "": {
      "dependencies": {
        "http-status-toolkit": "^2.0.0"
      }
    },
    "node_modules/http-status-toolkit": {
      "version": "2.0.0",
      "resolved": "https://registry.npmjs.org/http-status-toolkit/-/http-status-toolkit-2.0.0.tgz",
      "integrity": "sha512-2uA7ZIcNoYyHcE04RpBLn6zZlRlcm7gAiCnPeMuxWwdsSut/sLsv/T4t0qjSB0U3dxdVyfzijtZyZPmiqx+V1g==",
      "license": "MIT"
    }
  }
}
